
Microsoft Visual Studio Solution File, Format Version 12.00
# Visual Studio Version 17
VisualStudioVersion = 17.0.31903.59
MinimumVisualStudioVersion = 10.0.40219.1
Project("{2150E333-8FDC-42A3-9474-1A3956D46DE8}") = "src", "src", "{827E0CD3-B72D-47B6-A68D-7590B98EB39B}"
EndProject
Project("{FAE04EC0-301F-11D3-BF4B-00C04F79EFBC}") = "Island.Core", "src\Island.Core\Island.Core.csproj", "{6374ED19-93AF-408B-83D2-E13A3D7B3019}"
EndProject
Project("{FAE04EC0-301F-11D3-BF4B-00C04F79EFBC}") = "Island.App", "src\Island.App\Island.App.csproj", "{A94FF0CA-A972-4035-9897-B7B500BF508B}"
EndProject
Project("{2150E333-8FDC-42A3-9474-1A3956D46DE8}") = "tests", "tests", "{0AB3BF05-4346-4AA6-1389-037BE0695223}"
EndProject
Project("{FAE04EC0-301F-11D3-BF4B-00C04F79EFBC}") = "Island.Tests", "tests\Island.Tests\Island.Tests.csproj", "{D09C20D6-CC3B-4A6B-B270-BA59935B943B}"
EndProject
Project("{2150E333-8FDC-42A3-9474-1A3956D46DE8}") = "tools", "tools", "{07C2787E-EAC7-C090-1BA3-A61EC2A24D84}"
EndProject
Project("{FAE04EC0-301F-11D3-BF4B-00C04F79EFBC}") = "BlurProbe", "tools\BlurProbe\BlurProbe.csproj", "{964E2B60-5F78-4C49-8F67-31EAC07B394B}"
EndProject
Project("{FAE04EC0-301F-11D3-BF4B-00C04F79EFBC}") = "Island.Sources.Programs", "src\Island.Sources.Programs\Island.Sources.Programs.csproj", "{3613D4A2-9DEA-47F3-A86A-06EDD07DE08F}"
EndProject
Project("{FAE04EC0-301F-11D3-BF4B-00C04F79EFBC}") = "Island.Sources.Media", "src\Island.Sources.Media\Island.Sources.Media.csproj", "{C39BC359-177C-4889-BF5E-C94B3236ECA9}"
EndProject
Project("{FAE04EC0-301F-11D3-BF4B-00C04F79EFBC}") = "Island.Sources.Folders", "src\Island.Sources.Folders\Island.Sources.Folders.csproj", "{0FD7AF91-4C82-4F75-8E2C-AC86EEE318FD}"
EndProject
Project("{FAE04EC0-301F-11D3-BF4B-00C04F79EFBC}") = "Island.Bridge", "src\Island.Bridge\Island.Bridge.csproj", "{A1FA15C0-DCD9-4BA7-89B3-B799BD737F3C}"
EndProject
Project("{FAE04EC0-301F-11D3-BF4B-00C04F79EFBC}") = "Island.SettingsUi", "src\Island.SettingsUi\Island.SettingsUi.csproj", "{C2F5B7BA-28FA-43FF-B2F0-5246FC269783}"
EndProject
Project("{FAE04EC0-301F-11D3-BF4B-00C04F79EFBC}") = "Island.Glass", "src\Island.Glass\Island.Glass.csproj", "{2D477FA0-8C4C-4103-86BE-DA7D894FA3D7}"
EndProject
Project("{FAE04EC0-301F-11D3-BF4B-00C04F79EFBC}") = "Island.Attack3.Tests", "tests\Island.Attack3.Tests\Island.Attack3.Tests.csproj", "{FD0C9579-749F-48D7-AD27-8D781CC75E08}"
EndProject
Project("{FAE04EC0-301F-11D3-BF4B-00C04F79EFBC}") = "Island.Attack4.Tests", "tests\Island.Attack4.Tests\Island.Attack4.Tests.csproj", "{4E5816DE-6C9F-48A4-AF4A-D60C04A9FA9C}"
EndProject
Project("{FAE04EC0-301F-11D3-BF4B-00C04F79EFBC}") = "Island.Attack5.Tests", "tests\Island.Attack5.Tests\Island.Attack5.Tests.csproj", "{2ED2A7D6-90D7-4E5D-9D65-87498E10B11D}"
EndProject
Project("{FAE04EC0-301F-11D3-BF4B-00C04F79EFBC}") = "Island.Sources.Screens", "src\Island.Sources.Screens\Island.Sources.Screens.csproj", "{381E9958-B0A9-49EA-A468-2FBCB9DAA6DC}"
EndProject
Project("{FAE04EC0-301F-11D3-BF4B-00C04F79EFBC}") = "Island.Sources.Front", "src\Island.Sources.Front\Island.Sources.Front.csproj", "{002D496A-1F63-4435-B278-F1AE726A7D3D}"
EndProject
Project("{FAE04EC0-301F-11D3-BF4B-00C04F79EFBC}") = "Island.Attack6.Tests", "tests\Island.Attack6.Tests\Island.Attack6.Tests.csproj", "{ED886514-670A-4733-AAC5-6859BFF469C1}"
EndProject
Project("{FAE04EC0-301F-11D3-BF4B-00C04F79EFBC}") = "Island.Notify", "src\Island.Notify\Island.Notify.csproj", "{BE47CDAB-4717-41B9-813B-C39A21BEAA53}"
EndProject
Project("{FAE04EC0-301F-11D3-BF4B-00C04F79EFBC}") = "Island.Agents", "src\Island.Agents\Island.Agents.csproj", "{22FCE105-0301-49F9-AD46-821ECA2E3839}"
EndProject
Project("{FAE04EC0-301F-11D3-BF4B-00C04F79EFBC}") = "Island.Agents.Tests", "tests\Island.Agents.Tests\Island.Agents.Tests.csproj", "{472456A5-426F-43E9-85E0-CD711883892D}"
EndProject
Project("{FAE04EC0-301F-11D3-BF4B-00C04F79EFBC}") = "Island.Attack7A.Tests", "tests\Island.Attack7A.Tests\Island.Attack7A.Tests.csproj", "{FCA4B23A-B690-4904-A9C5-951743293DEB}"
EndProject
Project("{FAE04EC0-301F-11D3-BF4B-00C04F79EFBC}") = "Island.Attack7B.Tests", "tests\Island.Attack7B.Tests\Island.Attack7B.Tests.csproj", "{F2E8E6BB-336F-4EE3-BC41-3F744531F8A2}"
EndProject
Project("{FAE04EC0-301F-11D3-BF4B-00C04F79EFBC}") = "Island.Attack9.Tests", "tests\Island.Attack9.Tests\Island.Attack9.Tests.csproj", "{F9574F5D-A394-4206-92E2-D25E6B6BFD2A}"
EndProject
Project("{FAE04EC0-301F-11D3-BF4B-00C04F79EFBC}") = "Island.Attack10.Tests", "tests\Island.Attack10.Tests\Island.Attack10.Tests.csproj", "{761994CF-EE1E-418D-A7D0-B11BF9D69727}"
EndProject
Project("{FAE04EC0-301F-11D3-BF4B-00C04F79EFBC}") = "Island.Attack11.Tests", "tests\Island.Attack11.Tests\Island.Attack11.Tests.csproj", "{4153C245-8815-4D8B-BE64-4125E2746D04}"
EndProject
Project("{FAE04EC0-301F-11D3-BF4B-00C04F79EFBC}") = "Island.Redteam.Code.Tests", "tests\Island.Redteam.Code.Tests\Island.Redteam.Code.Tests.csproj", "{3FA4AC6E-4EEC-4764-9904-C16BAA994EAB}"
EndProject
Project("{FAE04EC0-301F-11D3-BF4B-00C04F79EFBC}") = "Island.Redteam.Ease.Tests", "tests\Island.Redteam.Ease.Tests\Island.Redteam.Ease.Tests.csproj", "{7795C096-12FE-420B-8FA1-0F1EADCA0FBD}"
EndProject
Project("{FAE04EC0-301F-11D3-BF4B-00C04F79EFBC}") = "Island.Redteam.Design.Tests", "tests\Island.Redteam.Design.Tests\Island.Redteam.Design.Tests.csproj", "{5E9D6331-B72A-4D1F-A97E-A050E1DB8159}"
EndProject
Project("{FAE04EC0-301F-11D3-BF4B-00C04F79EFBC}") = "Island.Tests.Ui", "tests\Island.Tests.Ui\Island.Tests.Ui.csproj", "{BCC11830-1657-4ED2-9532-ABAF45BBAB49}"
EndProject
Global
	GlobalSection(SolutionConfigurationPlatforms) = preSolution
		Debug|Any CPU = Debug|Any CPU
		Debug|x64 = Debug|x64
		Debug|x86 = Debug|x86
		Release|Any CPU = Release|Any CPU
		Release|x64 = Release|x64
		Release|x86 = Release|x86
	EndGlobalSection
	GlobalSection(ProjectConfigurationPlatforms) = postSolution
		{6374ED19-93AF-408B-83D2-E13A3D7B3019}.Debug|Any CPU.ActiveCfg = Debug|Any CPU
		{6374ED19-93AF-408B-83D2-E13A3D7B3019}.Debug|Any CPU.Build.0 = Debug|Any CPU
		{6374ED19-93AF-408B-83D2-E13A3D7B3019}.Debug|x64.ActiveCfg = Debug|Any CPU
		{6374ED19-93AF-408B-83D2-E13A3D7B3019}.Debug|x64.Build.0 = Debug|Any CPU
		{6374ED19-93AF-408B-83D2-E13A3D7B3019}.Debug|x86.ActiveCfg = Debug|Any CPU
		{6374ED19-93AF-408B-83D2-E13A3D7B3019}.Debug|x86.Build.0 = Debug|Any CPU
		{6374ED19-93AF-408B-83D2-E13A3D7B3019}.Release|Any CPU.ActiveCfg = Release|Any CPU
		{6374ED19-93AF-408B-83D2-E13A3D7B3019}.Release|Any CPU.Build.0 = Release|Any CPU
		{6374ED19-93AF-408B-83D2-E13A3D7B3019}.Release|x64.ActiveCfg = Release|Any CPU
		{6374ED19-93AF-408B-83D2-E13A3D7B3019}.Release|x64.Build.0 = Release|Any CPU
		{6374ED19-93AF-408B-83D2-E13A3D7B3019}.Release|x86.ActiveCfg = Release|Any CPU
		{6374ED19-93AF-408B-83D2-E13A3D7B3019}.Release|x86.Build.0 = Release|Any CPU
		{A94FF0CA-A972-4035-9897-B7B500BF508B}.Debug|Any CPU.ActiveCfg = Debug|Any CPU
		{A94FF0CA-A972-4035-9897-B7B500BF508B}.Debug|Any CPU.Build.0 = Debug|Any CPU
		{A94FF0CA-A972-4035-9897-B7B500BF508B}.Debug|x64.ActiveCfg = Debug|Any CPU
		{A94FF0CA-A972-4035-9897-B7B500BF508B}.Debug|x64.Build.0 = Debug|Any CPU
		{A94FF0CA-A972-4035-9897-B7B500BF508B}.Debug|x86.ActiveCfg = Debug|Any CPU
		{A94FF0CA-A972-4035-9897-B7B500BF508B}.Debug|x86.Build.0 = Debug|Any CPU
		{A94FF0CA-A972-4035-9897-B7B500BF508B}.Release|Any CPU.ActiveCfg = Release|Any CPU
		{A94FF0CA-A972-4035-9897-B7B500BF508B}.Release|Any CPU.Build.0 = Release|Any CPU
		{A94FF0CA-A972-4035-9897-B7B500BF508B}.Release|x64.ActiveCfg = Release|Any CPU
		{A94FF0CA-A972-4035-9897-B7B500BF508B}.Release|x64.Build.0 = Release|Any CPU
		{A94FF0CA-A972-4035-9897-B7B500BF508B}.Release|x86.ActiveCfg = Release|Any CPU
		{A94FF0CA-A972-4035-9897-B7B500BF508B}.Release|x86.Build.0 = Release|Any CPU
		{D09C20D6-CC3B-4A6B-B270-BA59935B943B}.Debug|Any CPU.ActiveCfg = Debug|Any CPU
		{D09C20D6-CC3B-4A6B-B270-BA59935B943B}.Debug|Any CPU.Build.0 = Debug|Any CPU
		{D09C20D6-CC3B-4A6B-B270-BA59935B943B}.Debug|x64.ActiveCfg = Debug|Any CPU
		{D09C20D6-CC3B-4A6B-B270-BA59935B943B}.Debug|x64.Build.0 = Debug|Any CPU
		{D09C20D6-CC3B-4A6B-B270-BA59935B943B}.Debug|x86.ActiveCfg = Debug|Any CPU
		{D09C20D6-CC3B-4A6B-B270-BA59935B943B}.Debug|x86.Build.0 = Debug|Any CPU
		{D09C20D6-CC3B-4A6B-B270-BA59935B943B}.Release|Any CPU.ActiveCfg = Release|Any CPU
		{D09C20D6-CC3B-4A6B-B270-BA59935B943B}.Release|Any CPU.Build.0 = Release|Any CPU
		{D09C20D6-CC3B-4A6B-B270-BA59935B943B}.Release|x64.ActiveCfg = Release|Any CPU
		{D09C20D6-CC3B-4A6B-B270-BA59935B943B}.Release|x64.Build.0 = Release|Any CPU
		{D09C20D6-CC3B-4A6B-B270-BA59935B943B}.Release|x86.ActiveCfg = Release|Any CPU
		{D09C20D6-CC3B-4A6B-B270-BA59935B943B}.Release|x86.Build.0 = Release|Any CPU
		{964E2B60-5F78-4C49-8F67-31EAC07B394B}.Debug|Any CPU.ActiveCfg = Debug|Any CPU
		{964E2B60-5F78-4C49-8F67-31EAC07B394B}.Debug|Any CPU.Build.0 = Debug|Any CPU
		{964E2B60-5F78-4C49-8F67-31EAC07B394B}.Debug|x64.ActiveCfg = Debug|Any CPU
		{964E2B60-5F78-4C49-8F67-31EAC07B394B}.Debug|x64.Build.0 = Debug|Any CPU
		{964E2B60-5F78-4C49-8F67-31EAC07B394B}.Debug|x86.ActiveCfg = Debug|Any CPU
		{964E2B60-5F78-4C49-8F67-31EAC07B394B}.Debug|x86.Build.0 = Debug|Any CPU
		{964E2B60-5F78-4C49-8F67-31EAC07B394B}.Release|Any CPU.ActiveCfg = Release|Any CPU
		{964E2B60-5F78-4C49-8F67-31EAC07B394B}.Release|Any CPU.Build.0 = Release|Any CPU
		{964E2B60-5F78-4C49-8F67-31EAC07B394B}.Release|x64.ActiveCfg = Release|Any CPU
		{964E2B60-5F78-4C49-8F67-31EAC07B394B}.Release|x64.Build.0 = Release|Any CPU
		{964E2B60-5F78-4C49-8F67-31EAC07B394B}.Release|x86.ActiveCfg = Release|Any CPU
		{964E2B60-5F78-4C49-8F67-31EAC07B394B}.Release|x86.Build.0 = Release|Any CPU
		{3613D4A2-9DEA-47F3-A86A-06EDD07DE08F}.Debug|Any CPU.ActiveCfg = Debug|Any CPU
		{3613D4A2-9DEA-47F3-A86A-06EDD07DE08F}.Debug|Any CPU.Build.0 = Debug|Any CPU
		{3613D4A2-9DEA-47F3-A86A-06EDD07DE08F}.Debug|x64.ActiveCfg = Debug|Any CPU
		{3613D4A2-9DEA-47F3-A86A-06EDD07DE08F}.Debug|x64.Build.0 = Debug|Any CPU
		{3613D4A2-9DEA-47F3-A86A-06EDD07DE08F}.Debug|x86.ActiveCfg = Debug|Any CPU
		{3613D4A2-9DEA-47F3-A86A-06EDD07DE08F}.Debug|x86.Build.0 = Debug|Any CPU
		{3613D4A2-9DEA-47F3-A86A-06EDD07DE08F}.Release|Any CPU.ActiveCfg = Release|Any CPU
		{3613D4A2-9DEA-47F3-A86A-06EDD07DE08F}.Release|Any CPU.Build.0 = Release|Any CPU
		{3613D4A2-9DEA-47F3-A86A-06EDD07DE08F}.Release|x64.ActiveCfg = Release|Any CPU
		{3613D4A2-9DEA-47F3-A86A-06EDD07DE08F}.Release|x64.Build.0 = Release|Any CPU
		{3613D4A2-9DEA-47F3-A86A-06EDD07DE08F}.Release|x86.ActiveCfg = Release|Any CPU
		{3613D4A2-9DEA-47F3-A86A-06EDD07DE08F}.Release|x86.Build.0 = Release|Any CPU
		{C39BC359-177C-4889-BF5E-C94B3236ECA9}.Debug|Any CPU.ActiveCfg = Debug|Any CPU
		{C39BC359-177C-4889-BF5E-C94B3236ECA9}.Debug|Any CPU.Build.0 = Debug|Any CPU
		{C39BC359-177C-4889-BF5E-C94B3236ECA9}.Debug|x64.ActiveCfg = Debug|Any CPU
		{C39BC359-177C-4889-BF5E-C94B3236ECA9}.Debug|x64.Build.0 = Debug|Any CPU
		{C39BC359-177C-4889-BF5E-C94B3236ECA9}.Debug|x86.ActiveCfg = Debug|Any CPU
		{C39BC359-177C-4889-BF5E-C94B3236ECA9}.Debug|x86.Build.0 = Debug|Any CPU
		{C39BC359-177C-4889-BF5E-C94B3236ECA9}.Release|Any CPU.ActiveCfg = Release|Any CPU
		{C39BC359-177C-4889-BF5E-C94B3236ECA9}.Release|Any CPU.Build.0 = Release|Any CPU
		{C39BC359-177C-4889-BF5E-C94B3236ECA9}.Release|x64.ActiveCfg = Release|Any CPU
		{C39BC359-177C-4889-BF5E-C94B3236ECA9}.Release|x64.Build.0 = Release|Any CPU
		{C39BC359-177C-4889-BF5E-C94B3236ECA9}.Release|x86.ActiveCfg = Release|Any CPU
		{C39BC359-177C-4889-BF5E-C94B3236ECA9}.Release|x86.Build.0 = Release|Any CPU
		{0FD7AF91-4C82-4F75-8E2C-AC86EEE318FD}.Debug|Any CPU.ActiveCfg = Debug|Any CPU
		{0FD7AF91-4C82-4F75-8E2C-AC86EEE318FD}.Debug|Any CPU.Build.0 = Debug|Any CPU
		{0FD7AF91-4C82-4F75-8E2C-AC86EEE318FD}.Debug|x64.ActiveCfg = Debug|Any CPU
		{0FD7AF91-4C82-4F75-8E2C-AC86EEE318FD}.Debug|x64.Build.0 = Debug|Any CPU
		{0FD7AF91-4C82-4F75-8E2C-AC86EEE318FD}.Debug|x86.ActiveCfg = Debug|Any CPU
		{0FD7AF91-4C82-4F75-8E2C-AC86EEE318FD}.Debug|x86.Build.0 = Debug|Any CPU
		{0FD7AF91-4C82-4F75-8E2C-AC86EEE318FD}.Release|Any CPU.ActiveCfg = Release|Any CPU
		{0FD7AF91-4C82-4F75-8E2C-AC86EEE318FD}.Release|Any CPU.Build.0 = Release|Any CPU
		{0FD7AF91-4C82-4F75-8E2C-AC86EEE318FD}.Release|x64.ActiveCfg = Release|Any CPU
		{0FD7AF91-4C82-4F75-8E2C-AC86EEE318FD}.Release|x64.Build.0 = Release|Any CPU
		{0FD7AF91-4C82-4F75-8E2C-AC86EEE318FD}.Release|x86.ActiveCfg = Release|Any CPU
		{0FD7AF91-4C82-4F75-8E2C-AC86EEE318FD}.Release|x86.Build.0 = Release|Any CPU
		{A1FA15C0-DCD9-4BA7-89B3-B799BD737F3C}.Debug|Any CPU.ActiveCfg = Debug|Any CPU
		{A1FA15C0-DCD9-4BA7-89B3-B799BD737F3C}.Debug|Any CPU.Build.0 = Debug|Any CPU
		{A1FA15C0-DCD9-4BA7-89B3-B799BD737F3C}.Debug|x64.ActiveCfg = Debug|Any CPU
		{A1FA15C0-DCD9-4BA7-89B3-B799BD737F3C}.Debug|x64.Build.0 = Debug|Any CPU
		{A1FA15C0-DCD9-4BA7-89B3-B799BD737F3C}.Debug|x86.ActiveCfg = Debug|Any CPU
		{A1FA15C0-DCD9-4BA7-89B3-B799BD737F3C}.Debug|x86.Build.0 = Debug|Any CPU
		{A1FA15C0-DCD9-4BA7-89B3-B799BD737F3C}.Release|Any CPU.ActiveCfg = Release|Any CPU
		{A1FA15C0-DCD9-4BA7-89B3-B799BD737F3C}.Release|Any CPU.Build.0 = Release|Any CPU
		{A1FA15C0-DCD9-4BA7-89B3-B799BD737F3C}.Release|x64.ActiveCfg = Release|Any CPU
		{A1FA15C0-DCD9-4BA7-89B3-B799BD737F3C}.Release|x64.Build.0 = Release|Any CPU
		{A1FA15C0-DCD9-4BA7-89B3-B799BD737F3C}.Release|x86.ActiveCfg = Release|Any CPU
		{A1FA15C0-DCD9-4BA7-89B3-B799BD737F3C}.Release|x86.Build.0 = Release|Any CPU
		{C2F5B7BA-28FA-43FF-B2F0-5246FC269783}.Debug|Any CPU.ActiveCfg = Debug|Any CPU
		{C2F5B7BA-28FA-43FF-B2F0-5246FC269783}.Debug|Any CPU.Build.0 = Debug|Any CPU
		{C2F5B7BA-28FA-43FF-B2F0-5246FC269783}.Debug|x64.ActiveCfg = Debug|Any CPU
		{C2F5B7BA-28FA-43FF-B2F0-5246FC269783}.Debug|x64.Build.0 = Debug|Any CPU
		{C2F5B7BA-28FA-43FF-B2F0-5246FC269783}.Debug|x86.ActiveCfg = Debug|Any CPU
		{C2F5B7BA-28FA-43FF-B2F0-5246FC269783}.Debug|x86.Build.0 = Debug|Any CPU
		{C2F5B7BA-28FA-43FF-B2F0-5246FC269783}.Release|Any CPU.ActiveCfg = Release|Any CPU
		{C2F5B7BA-28FA-43FF-B2F0-5246FC269783}.Release|Any CPU.Build.0 = Release|Any CPU
		{C2F5B7BA-28FA-43FF-B2F0-5246FC269783}.Release|x64.ActiveCfg = Release|Any CPU
		{C2F5B7BA-28FA-43FF-B2F0-5246FC269783}.Release|x64.Build.0 = Release|Any CPU
		{C2F5B7BA-28FA-43FF-B2F0-5246FC269783}.Release|x86.ActiveCfg = Release|Any CPU
		{C2F5B7BA-28FA-43FF-B2F0-5246FC269783}.Release|x86.Build.0 = Release|Any CPU
		{2D477FA0-8C4C-4103-86BE-DA7D894FA3D7}.Debug|Any CPU.ActiveCfg = Debug|Any CPU
		{2D477FA0-8C4C-4103-86BE-DA7D894FA3D7}.Debug|Any CPU.Build.0 = Debug|Any CPU
		{2D477FA0-8C4C-4103-86BE-DA7D894FA3D7}.Debug|x64.ActiveCfg = Debug|Any CPU
		{2D477FA0-8C4C-4103-86BE-DA7D894FA3D7}.Debug|x64.Build.0 = Debug|Any CPU
		{2D477FA0-8C4C-4103-86BE-DA7D894FA3D7}.Debug|x86.ActiveCfg = Debug|Any CPU
		{2D477FA0-8C4C-4103-86BE-DA7D894FA3D7}.Debug|x86.Build.0 = Debug|Any CPU
		{2D477FA0-8C4C-4103-86BE-DA7D894FA3D7}.Release|Any CPU.ActiveCfg = Release|Any CPU
		{2D477FA0-8C4C-4103-86BE-DA7D894FA3D7}.Release|Any CPU.Build.0 = Release|Any CPU
		{2D477FA0-8C4C-4103-86BE-DA7D894FA3D7}.Release|x64.ActiveCfg = Release|Any CPU
		{2D477FA0-8C4C-4103-86BE-DA7D894FA3D7}.Release|x64.Build.0 = Release|Any CPU
		{2D477FA0-8C4C-4103-86BE-DA7D894FA3D7}.Release|x86.ActiveCfg = Release|Any CPU
		{2D477FA0-8C4C-4103-86BE-DA7D894FA3D7}.Release|x86.Build.0 = Release|Any CPU
		{FD0C9579-749F-48D7-AD27-8D781CC75E08}.Debug|Any CPU.ActiveCfg = Debug|Any CPU
		{FD0C9579-749F-48D7-AD27-8D781CC75E08}.Debug|Any CPU.Build.0 = Debug|Any CPU
		{FD0C9579-749F-48D7-AD27-8D781CC75E08}.Debug|x64.ActiveCfg = Debug|Any CPU
		{FD0C9579-749F-48D7-AD27-8D781CC75E08}.Debug|x64.Build.0 = Debug|Any CPU
		{FD0C9579-749F-48D7-AD27-8D781CC75E08}.Debug|x86.ActiveCfg = Debug|Any CPU
		{FD0C9579-749F-48D7-AD27-8D781CC75E08}.Debug|x86.Build.0 = Debug|Any CPU
		{FD0C9579-749F-48D7-AD27-8D781CC75E08}.Release|Any CPU.ActiveCfg = Release|Any CPU
		{FD0C9579-749F-48D7-AD27-8D781CC75E08}.Release|Any CPU.Build.0 = Release|Any CPU
		{FD0C9579-749F-48D7-AD27-8D781CC75E08}.Release|x64.ActiveCfg = Release|Any CPU
		{FD0C9579-749F-48D7-AD27-8D781CC75E08}.Release|x64.Build.0 = Release|Any CPU
		{FD0C9579-749F-48D7-AD27-8D781CC75E08}.Release|x86.ActiveCfg = Release|Any CPU
		{FD0C9579-749F-48D7-AD27-8D781CC75E08}.Release|x86.Build.0 = Release|Any CPU
		{4E5816DE-6C9F-48A4-AF4A-D60C04A9FA9C}.Debug|Any CPU.ActiveCfg = Debug|Any CPU
		{4E5816DE-6C9F-48A4-AF4A-D60C04A9FA9C}.Debug|Any CPU.Build.0 = Debug|Any CPU
		{4E5816DE-6C9F-48A4-AF4A-D60C04A9FA9C}.Debug|x64.ActiveCfg = Debug|Any CPU
		{4E5816DE-6C9F-48A4-AF4A-D60C04A9FA9C}.Debug|x64.Build.0 = Debug|Any CPU
		{4E5816DE-6C9F-48A4-AF4A-D60C04A9FA9C}.Debug|x86.ActiveCfg = Debug|Any CPU
		{4E5816DE-6C9F-48A4-AF4A-D60C04A9FA9C}.Debug|x86.Build.0 = Debug|Any CPU
		{4E5816DE-6C9F-48A4-AF4A-D60C04A9FA9C}.Release|Any CPU.ActiveCfg = Release|Any CPU
		{4E5816DE-6C9F-48A4-AF4A-D60C04A9FA9C}.Release|Any CPU.Build.0 = Release|Any CPU
		{4E5816DE-6C9F-48A4-AF4A-D60C04A9FA9C}.Release|x64.ActiveCfg = Release|Any CPU
		{4E5816DE-6C9F-48A4-AF4A-D60C04A9FA9C}.Release|x64.Build.0 = Release|Any CPU
		{4E5816DE-6C9F-48A4-AF4A-D60C04A9FA9C}.Release|x86.ActiveCfg = Release|Any CPU
		{4E5816DE-6C9F-48A4-AF4A-D60C04A9FA9C}.Release|x86.Build.0 = Release|Any CPU
		{2ED2A7D6-90D7-4E5D-9D65-87498E10B11D}.Debug|Any CPU.ActiveCfg = Debug|Any CPU
		{2ED2A7D6-90D7-4E5D-9D65-87498E10B11D}.Debug|Any CPU.Build.0 = Debug|Any CPU
		{2ED2A7D6-90D7-4E5D-9D65-87498E10B11D}.Debug|x64.ActiveCfg = Debug|Any CPU
		{2ED2A7D6-90D7-4E5D-9D65-87498E10B11D}.Debug|x64.Build.0 = Debug|Any CPU
		{2ED2A7D6-90D7-4E5D-9D65-87498E10B11D}.Debug|x86.ActiveCfg = Debug|Any CPU
		{2ED2A7D6-90D7-4E5D-9D65-87498E10B11D}.Debug|x86.Build.0 = Debug|Any CPU
		{2ED2A7D6-90D7-4E5D-9D65-87498E10B11D}.Release|Any CPU.ActiveCfg = Release|Any CPU
		{2ED2A7D6-90D7-4E5D-9D65-87498E10B11D}.Release|Any CPU.Build.0 = Release|Any CPU
		{2ED2A7D6-90D7-4E5D-9D65-87498E10B11D}.Release|x64.ActiveCfg = Release|Any CPU
		{2ED2A7D6-90D7-4E5D-9D65-87498E10B11D}.Release|x64.Build.0 = Release|Any CPU
		{2ED2A7D6-90D7-4E5D-9D65-87498E10B11D}.Release|x86.ActiveCfg = Release|Any CPU
		{2ED2A7D6-90D7-4E5D-9D65-87498E10B11D}.Release|x86.Build.0 = Release|Any CPU
		{381E9958-B0A9-49EA-A468-2FBCB9DAA6DC}.Debug|Any CPU.ActiveCfg = Debug|Any CPU
		{381E9958-B0A9-49EA-A468-2FBCB9DAA6DC}.Debug|Any CPU.Build.0 = Debug|Any CPU
		{381E9958-B0A9-49EA-A468-2FBCB9DAA6DC}.Debug|x64.ActiveCfg = Debug|Any CPU
		{381E9958-B0A9-49EA-A468-2FBCB9DAA6DC}.Debug|x64.Build.0 = Debug|Any CPU
		{381E9958-B0A9-49EA-A468-2FBCB9DAA6DC}.Debug|x86.ActiveCfg = Debug|Any CPU
		{381E9958-B0A9-49EA-A468-2FBCB9DAA6DC}.Debug|x86.Build.0 = Debug|Any CPU
		{381E9958-B0A9-49EA-A468-2FBCB9DAA6DC}.Release|Any CPU.ActiveCfg = Release|Any CPU
		{381E9958-B0A9-49EA-A468-2FBCB9DAA6DC}.Release|Any CPU.Build.0 = Release|Any CPU
		{381E9958-B0A9-49EA-A468-2FBCB9DAA6DC}.Release|x64.ActiveCfg = Release|Any CPU
		{381E9958-B0A9-49EA-A468-2FBCB9DAA6DC}.Release|x64.Build.0 = Release|Any CPU
		{381E9958-B0A9-49EA-A468-2FBCB9DAA6DC}.Release|x86.ActiveCfg = Release|Any CPU
		{381E9958-B0A9-49EA-A468-2FBCB9DAA6DC}.Release|x86.Build.0 = Release|Any CPU
		{002D496A-1F63-4435-B278-F1AE726A7D3D}.Debug|Any CPU.ActiveCfg = Debug|Any CPU
		{002D496A-1F63-4435-B278-F1AE726A7D3D}.Debug|Any CPU.Build.0 = Debug|Any CPU
		{002D496A-1F63-4435-B278-F1AE726A7D3D}.Debug|x64.ActiveCfg = Debug|Any CPU
		{002D496A-1F63-4435-B278-F1AE726A7D3D}.Debug|x64.Build.0 = Debug|Any CPU
		{002D496A-1F63-4435-B278-F1AE726A7D3D}.Debug|x86.ActiveCfg = Debug|Any CPU
		{002D496A-1F63-4435-B278-F1AE726A7D3D}.Debug|x86.Build.0 = Debug|Any CPU
		{002D496A-1F63-4435-B278-F1AE726A7D3D}.Release|Any CPU.ActiveCfg = Release|Any CPU
		{002D496A-1F63-4435-B278-F1AE726A7D3D}.Release|Any CPU.Build.0 = Release|Any CPU
		{002D496A-1F63-4435-B278-F1AE726A7D3D}.Release|x64.ActiveCfg = Release|Any CPU
		{002D496A-1F63-4435-B278-F1AE726A7D3D}.Release|x64.Build.0 = Release|Any CPU
		{002D496A-1F63-4435-B278-F1AE726A7D3D}.Release|x86.ActiveCfg = Release|Any CPU
		{002D496A-1F63-4435-B278-F1AE726A7D3D}.Release|x86.Build.0 = Release|Any CPU
		{ED886514-670A-4733-AAC5-6859BFF469C1}.Debug|Any CPU.ActiveCfg = Debug|Any CPU
		{ED886514-670A-4733-AAC5-6859BFF469C1}.Debug|Any CPU.Build.0 = Debug|Any CPU
		{ED886514-670A-4733-AAC5-6859BFF469C1}.Debug|x64.ActiveCfg = Debug|Any CPU
		{ED886514-670A-4733-AAC5-6859BFF469C1}.Debug|x64.Build.0 = Debug|Any CPU
		{ED886514-670A-4733-AAC5-6859BFF469C1}.Debug|x86.ActiveCfg = Debug|Any CPU
		{ED886514-670A-4733-AAC5-6859BFF469C1}.Debug|x86.Build.0 = Debug|Any CPU
		{ED886514-670A-4733-AAC5-6859BFF469C1}.Release|Any CPU.ActiveCfg = Release|Any CPU
		{ED886514-670A-4733-AAC5-6859BFF469C1}.Release|Any CPU.Build.0 = Release|Any CPU
		{ED886514-670A-4733-AAC5-6859BFF469C1}.Release|x64.ActiveCfg = Release|Any CPU
		{ED886514-670A-4733-AAC5-6859BFF469C1}.Release|x64.Build.0 = Release|Any CPU
		{ED886514-670A-4733-AAC5-6859BFF469C1}.Release|x86.ActiveCfg = Release|Any CPU
		{ED886514-670A-4733-AAC5-6859BFF469C1}.Release|x86.Build.0 = Release|Any CPU
		{BE47CDAB-4717-41B9-813B-C39A21BEAA53}.Debug|Any CPU.ActiveCfg = Debug|Any CPU
		{BE47CDAB-4717-41B9-813B-C39A21BEAA53}.Debug|Any CPU.Build.0 = Debug|Any CPU
		{BE47CDAB-4717-41B9-813B-C39A21BEAA53}.Debug|x64.ActiveCfg = Debug|Any CPU
		{BE47CDAB-4717-41B9-813B-C39A21BEAA53}.Debug|x64.Build.0 = Debug|Any CPU
		{BE47CDAB-4717-41B9-813B-C39A21BEAA53}.Debug|x86.ActiveCfg = Debug|Any CPU
		{BE47CDAB-4717-41B9-813B-C39A21BEAA53}.Debug|x86.Build.0 = Debug|Any CPU
		{BE47CDAB-4717-41B9-813B-C39A21BEAA53}.Release|Any CPU.ActiveCfg = Release|Any CPU
		{BE47CDAB-4717-41B9-813B-C39A21BEAA53}.Release|Any CPU.Build.0 = Release|Any CPU
		{BE47CDAB-4717-41B9-813B-C39A21BEAA53}.Release|x64.ActiveCfg = Release|Any CPU
		{BE47CDAB-4717-41B9-813B-C39A21BEAA53}.Release|x64.Build.0 = Release|Any CPU
		{BE47CDAB-4717-41B9-813B-C39A21BEAA53}.Release|x86.ActiveCfg = Release|Any CPU
		{BE47CDAB-4717-41B9-813B-C39A21BEAA53}.Release|x86.Build.0 = Release|Any CPU
		{22FCE105-0301-49F9-AD46-821ECA2E3839}.Debug|Any CPU.ActiveCfg = Debug|Any CPU
		{22FCE105-0301-49F9-AD46-821ECA2E3839}.Debug|Any CPU.Build.0 = Debug|Any CPU
		{22FCE105-0301-49F9-AD46-821ECA2E3839}.Debug|x64.ActiveCfg = Debug|Any CPU
		{22FCE105-0301-49F9-AD46-821ECA2E3839}.Debug|x64.Build.0 = Debug|Any CPU
		{22FCE105-0301-49F9-AD46-821ECA2E3839}.Debug|x86.ActiveCfg = Debug|Any CPU
		{22FCE105-0301-49F9-AD46-821ECA2E3839}.Debug|x86.Build.0 = Debug|Any CPU
		{22FCE105-0301-49F9-AD46-821ECA2E3839}.Release|Any CPU.ActiveCfg = Release|Any CPU
		{22FCE105-0301-49F9-AD46-821ECA2E3839}.Release|Any CPU.Build.0 = Release|Any CPU
		{22FCE105-0301-49F9-AD46-821ECA2E3839}.Release|x64.ActiveCfg = Release|Any CPU
		{22FCE105-0301-49F9-AD46-821ECA2E3839}.Release|x64.Build.0 = Release|Any CPU
		{22FCE105-0301-49F9-AD46-821ECA2E3839}.Release|x86.ActiveCfg = Release|Any CPU
		{22FCE105-0301-49F9-AD46-821ECA2E3839}.Release|x86.Build.0 = Release|Any CPU
		{472456A5-426F-43E9-85E0-CD711883892D}.Debug|Any CPU.ActiveCfg = Debug|Any CPU
		{472456A5-426F-43E9-85E0-CD711883892D}.Debug|Any CPU.Build.0 = Debug|Any CPU
		{472456A5-426F-43E9-85E0-CD711883892D}.Debug|x64.ActiveCfg = Debug|Any CPU
		{472456A5-426F-43E9-85E0-CD711883892D}.Debug|x64.Build.0 = Debug|Any CPU
		{472456A5-426F-43E9-85E0-CD711883892D}.Debug|x86.ActiveCfg = Debug|Any CPU
		{472456A5-426F-43E9-85E0-CD711883892D}.Debug|x86.Build.0 = Debug|Any CPU
		{472456A5-426F-43E9-85E0-CD711883892D}.Release|Any CPU.ActiveCfg = Release|Any CPU
		{472456A5-426F-43E9-85E0-CD711883892D}.Release|Any CPU.Build.0 = Release|Any CPU
		{472456A5-426F-43E9-85E0-CD711883892D}.Release|x64.ActiveCfg = Release|Any CPU
		{472456A5-426F-43E9-85E0-CD711883892D}.Release|x64.Build.0 = Release|Any CPU
		{472456A5-426F-43E9-85E0-CD711883892D}.Release|x86.ActiveCfg = Release|Any CPU
		{472456A5-426F-43E9-85E0-CD711883892D}.Release|x86.Build.0 = Release|Any CPU
		{FCA4B23A-B690-4904-A9C5-951743293DEB}.Debug|Any CPU.ActiveCfg = Debug|Any CPU
		{FCA4B23A-B690-4904-A9C5-951743293DEB}.Debug|Any CPU.Build.0 = Debug|Any CPU
		{FCA4B23A-B690-4904-A9C5-951743293DEB}.Debug|x64.ActiveCfg = Debug|Any CPU
		{FCA4B23A-B690-4904-A9C5-951743293DEB}.Debug|x64.Build.0 = Debug|Any CPU
		{FCA4B23A-B690-4904-A9C5-951743293DEB}.Debug|x86.ActiveCfg = Debug|Any CPU
		{FCA4B23A-B690-4904-A9C5-951743293DEB}.Debug|x86.Build.0 = Debug|Any CPU
		{FCA4B23A-B690-4904-A9C5-951743293DEB}.Release|Any CPU.ActiveCfg = Release|Any CPU
		{FCA4B23A-B690-4904-A9C5-951743293DEB}.Release|Any CPU.Build.0 = Release|Any CPU
		{FCA4B23A-B690-4904-A9C5-951743293DEB}.Release|x64.ActiveCfg = Release|Any CPU
		{FCA4B23A-B690-4904-A9C5-951743293DEB}.Release|x64.Build.0 = Release|Any CPU
		{FCA4B23A-B690-4904-A9C5-951743293DEB}.Release|x86.ActiveCfg = Release|Any CPU
		{FCA4B23A-B690-4904-A9C5-951743293DEB}.Release|x86.Build.0 = Release|Any CPU
		{F2E8E6BB-336F-4EE3-BC41-3F744531F8A2}.Debug|Any CPU.ActiveCfg = Debug|Any CPU
		{F2E8E6BB-336F-4EE3-BC41-3F744531F8A2}.Debug|Any CPU.Build.0 = Debug|Any CPU
		{F2E8E6BB-336F-4EE3-BC41-3F744531F8A2}.Debug|x64.ActiveCfg = Debug|Any CPU
		{F2E8E6BB-336F-4EE3-BC41-3F744531F8A2}.Debug|x64.Build.0 = Debug|Any CPU
		{F2E8E6BB-336F-4EE3-BC41-3F744531F8A2}.Debug|x86.ActiveCfg = Debug|Any CPU
		{F2E8E6BB-336F-4EE3-BC41-3F744531F8A2}.Debug|x86.Build.0 = Debug|Any CPU
		{F2E8E6BB-336F-4EE3-BC41-3F744531F8A2}.Release|Any CPU.ActiveCfg = Release|Any CPU
		{F2E8E6BB-336F-4EE3-BC41-3F744531F8A2}.Release|Any CPU.Build.0 = Release|Any CPU
		{F2E8E6BB-336F-4EE3-BC41-3F744531F8A2}.Release|x64.ActiveCfg = Release|Any CPU
		{F2E8E6BB-336F-4EE3-BC41-3F744531F8A2}.Release|x64.Build.0 = Release|Any CPU
		{F2E8E6BB-336F-4EE3-BC41-3F744531F8A2}.Release|x86.ActiveCfg = Release|Any CPU
		{F2E8E6BB-336F-4EE3-BC41-3F744531F8A2}.Release|x86.Build.0 = Release|Any CPU
		{F9574F5D-A394-4206-92E2-D25E6B6BFD2A}.Debug|Any CPU.ActiveCfg = Debug|Any CPU
		{F9574F5D-A394-4206-92E2-D25E6B6BFD2A}.Debug|Any CPU.Build.0 = Debug|Any CPU
		{F9574F5D-A394-4206-92E2-D25E6B6BFD2A}.Debug|x64.ActiveCfg = Debug|Any CPU
		{F9574F5D-A394-4206-92E2-D25E6B6BFD2A}.Debug|x64.Build.0 = Debug|Any CPU
		{F9574F5D-A394-4206-92E2-D25E6B6BFD2A}.Debug|x86.ActiveCfg = Debug|Any CPU
		{F9574F5D-A394-4206-92E2-D25E6B6BFD2A}.Debug|x86.Build.0 = Debug|Any CPU
		{F9574F5D-A394-4206-92E2-D25E6B6BFD2A}.Release|Any CPU.ActiveCfg = Release|Any CPU
		{F9574F5D-A394-4206-92E2-D25E6B6BFD2A}.Release|Any CPU.Build.0 = Release|Any CPU
		{F9574F5D-A394-4206-92E2-D25E6B6BFD2A}.Release|x64.ActiveCfg = Release|Any CPU
		{F9574F5D-A394-4206-92E2-D25E6B6BFD2A}.Release|x64.Build.0 = Release|Any CPU
		{F9574F5D-A394-4206-92E2-D25E6B6BFD2A}.Release|x86.ActiveCfg = Release|Any CPU
		{F9574F5D-A394-4206-92E2-D25E6B6BFD2A}.Release|x86.Build.0 = Release|Any CPU
		{761994CF-EE1E-418D-A7D0-B11BF9D69727}.Debug|Any CPU.ActiveCfg = Debug|Any CPU
		{761994CF-EE1E-418D-A7D0-B11BF9D69727}.Debug|Any CPU.Build.0 = Debug|Any CPU
		{761994CF-EE1E-418D-A7D0-B11BF9D69727}.Debug|x64.ActiveCfg = Debug|Any CPU
		{761994CF-EE1E-418D-A7D0-B11BF9D69727}.Debug|x64.Build.0 = Debug|Any CPU
		{761994CF-EE1E-418D-A7D0-B11BF9D69727}.Debug|x86.ActiveCfg = Debug|Any CPU
		{761994CF-EE1E-418D-A7D0-B11BF9D69727}.Debug|x86.Build.0 = Debug|Any CPU
		{761994CF-EE1E-418D-A7D0-B11BF9D69727}.Release|Any CPU.ActiveCfg = Release|Any CPU
		{761994CF-EE1E-418D-A7D0-B11BF9D69727}.Release|Any CPU.Build.0 = Release|Any CPU
		{761994CF-EE1E-418D-A7D0-B11BF9D69727}.Release|x64.ActiveCfg = Release|Any CPU
		{761994CF-EE1E-418D-A7D0-B11BF9D69727}.Release|x64.Build.0 = Release|Any CPU
		{761994CF-EE1E-418D-A7D0-B11BF9D69727}.Release|x86.ActiveCfg = Release|Any CPU
		{761994CF-EE1E-418D-A7D0-B11BF9D69727}.Release|x86.Build.0 = Release|Any CPU
		{4153C245-8815-4D8B-BE64-4125E2746D04}.Debug|Any CPU.ActiveCfg = Debug|Any CPU
		{4153C245-8815-4D8B-BE64-4125E2746D04}.Debug|Any CPU.Build.0 = Debug|Any CPU
		{4153C245-8815-4D8B-BE64-4125E2746D04}.Debug|x64.ActiveCfg = Debug|Any CPU
		{4153C245-8815-4D8B-BE64-4125E2746D04}.Debug|x64.Build.0 = Debug|Any CPU
		{4153C245-8815-4D8B-BE64-4125E2746D04}.Debug|x86.ActiveCfg = Debug|Any CPU
		{4153C245-8815-4D8B-BE64-4125E2746D04}.Debug|x86.Build.0 = Debug|Any CPU
		{4153C245-8815-4D8B-BE64-4125E2746D04}.Release|Any CPU.ActiveCfg = Release|Any CPU
		{4153C245-8815-4D8B-BE64-4125E2746D04}.Release|Any CPU.Build.0 = Release|Any CPU
		{4153C245-8815-4D8B-BE64-4125E2746D04}.Release|x64.ActiveCfg = Release|Any CPU
		{4153C245-8815-4D8B-BE64-4125E2746D04}.Release|x64.Build.0 = Release|Any CPU
		{4153C245-8815-4D8B-BE64-4125E2746D04}.Release|x86.ActiveCfg = Release|Any CPU
		{4153C245-8815-4D8B-BE64-4125E2746D04}.Release|x86.Build.0 = Release|Any CPU
		{3FA4AC6E-4EEC-4764-9904-C16BAA994EAB}.Debug|Any CPU.ActiveCfg = Debug|Any CPU
		{3FA4AC6E-4EEC-4764-9904-C16BAA994EAB}.Debug|Any CPU.Build.0 = Debug|Any CPU
		{3FA4AC6E-4EEC-4764-9904-C16BAA994EAB}.Debug|x64.ActiveCfg = Debug|Any CPU
		{3FA4AC6E-4EEC-4764-9904-C16BAA994EAB}.Debug|x64.Build.0 = Debug|Any CPU
		{3FA4AC6E-4EEC-4764-9904-C16BAA994EAB}.Debug|x86.ActiveCfg = Debug|Any CPU
		{3FA4AC6E-4EEC-4764-9904-C16BAA994EAB}.Debug|x86.Build.0 = Debug|Any CPU
		{3FA4AC6E-4EEC-4764-9904-C16BAA994EAB}.Release|Any CPU.ActiveCfg = Release|Any CPU
		{3FA4AC6E-4EEC-4764-9904-C16BAA994EAB}.Release|Any CPU.Build.0 = Release|Any CPU
		{3FA4AC6E-4EEC-4764-9904-C16BAA994EAB}.Release|x64.ActiveCfg = Release|Any CPU
		{3FA4AC6E-4EEC-4764-9904-C16BAA994EAB}.Release|x64.Build.0 = Release|Any CPU
		{3FA4AC6E-4EEC-4764-9904-C16BAA994EAB}.Release|x86.ActiveCfg = Release|Any CPU
		{3FA4AC6E-4EEC-4764-9904-C16BAA994EAB}.Release|x86.Build.0 = Release|Any CPU
		{7795C096-12FE-420B-8FA1-0F1EADCA0FBD}.Debug|Any CPU.ActiveCfg = Debug|Any CPU
		{7795C096-12FE-420B-8FA1-0F1EADCA0FBD}.Debug|Any CPU.Build.0 = Debug|Any CPU
		{7795C096-12FE-420B-8FA1-0F1EADCA0FBD}.Debug|x64.ActiveCfg = Debug|Any CPU
		{7795C096-12FE-420B-8FA1-0F1EADCA0FBD}.Debug|x64.Build.0 = Debug|Any CPU
		{7795C096-12FE-420B-8FA1-0F1EADCA0FBD}.Debug|x86.ActiveCfg = Debug|Any CPU
		{7795C096-12FE-420B-8FA1-0F1EADCA0FBD}.Debug|x86.Build.0 = Debug|Any CPU
		{7795C096-12FE-420B-8FA1-0F1EADCA0FBD}.Release|Any CPU.ActiveCfg = Release|Any CPU
		{7795C096-12FE-420B-8FA1-0F1EADCA0FBD}.Release|Any CPU.Build.0 = Release|Any CPU
		{7795C096-12FE-420B-8FA1-0F1EADCA0FBD}.Release|x64.ActiveCfg = Release|Any CPU
		{7795C096-12FE-420B-8FA1-0F1EADCA0FBD}.Release|x64.Build.0 = Release|Any CPU
		{7795C096-12FE-420B-8FA1-0F1EADCA0FBD}.Release|x86.ActiveCfg = Release|Any CPU
		{7795C096-12FE-420B-8FA1-0F1EADCA0FBD}.Release|x86.Build.0 = Release|Any CPU
		{5E9D6331-B72A-4D1F-A97E-A050E1DB8159}.Debug|Any CPU.ActiveCfg = Debug|Any CPU
		{5E9D6331-B72A-4D1F-A97E-A050E1DB8159}.Debug|Any CPU.Build.0 = Debug|Any CPU
		{5E9D6331-B72A-4D1F-A97E-A050E1DB8159}.Debug|x64.ActiveCfg = Debug|Any CPU
		{5E9D6331-B72A-4D1F-A97E-A050E1DB8159}.Debug|x64.Build.0 = Debug|Any CPU
		{5E9D6331-B72A-4D1F-A97E-A050E1DB8159}.Debug|x86.ActiveCfg = Debug|Any CPU
		{5E9D6331-B72A-4D1F-A97E-A050E1DB8159}.Debug|x86.Build.0 = Debug|Any CPU
		{5E9D6331-B72A-4D1F-A97E-A050E1DB8159}.Release|Any CPU.ActiveCfg = Release|Any CPU
		{5E9D6331-B72A-4D1F-A97E-A050E1DB8159}.Release|Any CPU.Build.0 = Release|Any CPU
		{5E9D6331-B72A-4D1F-A97E-A050E1DB8159}.Release|x64.ActiveCfg = Release|Any CPU
		{5E9D6331-B72A-4D1F-A97E-A050E1DB8159}.Release|x64.Build.0 = Release|Any CPU
		{5E9D6331-B72A-4D1F-A97E-A050E1DB8159}.Release|x86.ActiveCfg = Release|Any CPU
		{5E9D6331-B72A-4D1F-A97E-A050E1DB8159}.Release|x86.Build.0 = Release|Any CPU
		{BCC11830-1657-4ED2-9532-ABAF45BBAB49}.Debug|Any CPU.ActiveCfg = Debug|Any CPU
		{BCC11830-1657-4ED2-9532-ABAF45BBAB49}.Debug|Any CPU.Build.0 = Debug|Any CPU
		{BCC11830-1657-4ED2-9532-ABAF45BBAB49}.Debug|x64.ActiveCfg = Debug|Any CPU
		{BCC11830-1657-4ED2-9532-ABAF45BBAB49}.Debug|x64.Build.0 = Debug|Any CPU
		{BCC11830-1657-4ED2-9532-ABAF45BBAB49}.Debug|x86.ActiveCfg = Debug|Any CPU
		{BCC11830-1657-4ED2-9532-ABAF45BBAB49}.Debug|x86.Build.0 = Debug|Any CPU
		{BCC11830-1657-4ED2-9532-ABAF45BBAB49}.Release|Any CPU.ActiveCfg = Release|Any CPU
		{BCC11830-1657-4ED2-9532-ABAF45BBAB49}.Release|Any CPU.Build.0 = Release|Any CPU
		{BCC11830-1657-4ED2-9532-ABAF45BBAB49}.Release|x64.ActiveCfg = Release|Any CPU
		{BCC11830-1657-4ED2-9532-ABAF45BBAB49}.Release|x64.Build.0 = Release|Any CPU
		{BCC11830-1657-4ED2-9532-ABAF45BBAB49}.Release|x86.ActiveCfg = Release|Any CPU
		{BCC11830-1657-4ED2-9532-ABAF45BBAB49}.Release|x86.Build.0 = Release|Any CPU
	EndGlobalSection
	GlobalSection(SolutionProperties) = preSolution
		HideSolutionNode = FALSE
	EndGlobalSection
	GlobalSection(NestedProjects) = preSolution
		{6374ED19-93AF-408B-83D2-E13A3D7B3019} = {827E0CD3-B72D-47B6-A68D-7590B98EB39B}
		{A94FF0CA-A972-4035-9897-B7B500BF508B} = {827E0CD3-B72D-47B6-A68D-7590B98EB39B}
		{D09C20D6-CC3B-4A6B-B270-BA59935B943B} = {0AB3BF05-4346-4AA6-1389-037BE0695223}
		{964E2B60-5F78-4C49-8F67-31EAC07B394B} = {07C2787E-EAC7-C090-1BA3-A61EC2A24D84}
		{3613D4A2-9DEA-47F3-A86A-06EDD07DE08F} = {827E0CD3-B72D-47B6-A68D-7590B98EB39B}
		{C39BC359-177C-4889-BF5E-C94B3236ECA9} = {827E0CD3-B72D-47B6-A68D-7590B98EB39B}
		{0FD7AF91-4C82-4F75-8E2C-AC86EEE318FD} = {827E0CD3-B72D-47B6-A68D-7590B98EB39B}
		{A1FA15C0-DCD9-4BA7-89B3-B799BD737F3C} = {827E0CD3-B72D-47B6-A68D-7590B98EB39B}
		{C2F5B7BA-28FA-43FF-B2F0-5246FC269783} = {827E0CD3-B72D-47B6-A68D-7590B98EB39B}
		{2D477FA0-8C4C-4103-86BE-DA7D894FA3D7} = {827E0CD3-B72D-47B6-A68D-7590B98EB39B}
		{FD0C9579-749F-48D7-AD27-8D781CC75E08} = {0AB3BF05-4346-4AA6-1389-037BE0695223}
		{4E5816DE-6C9F-48A4-AF4A-D60C04A9FA9C} = {0AB3BF05-4346-4AA6-1389-037BE0695223}
		{2ED2A7D6-90D7-4E5D-9D65-87498E10B11D} = {0AB3BF05-4346-4AA6-1389-037BE0695223}
		{381E9958-B0A9-49EA-A468-2FBCB9DAA6DC} = {827E0CD3-B72D-47B6-A68D-7590B98EB39B}
		{002D496A-1F63-4435-B278-F1AE726A7D3D} = {827E0CD3-B72D-47B6-A68D-7590B98EB39B}
		{ED886514-670A-4733-AAC5-6859BFF469C1} = {0AB3BF05-4346-4AA6-1389-037BE0695223}
		{BE47CDAB-4717-41B9-813B-C39A21BEAA53} = {827E0CD3-B72D-47B6-A68D-7590B98EB39B}
		{22FCE105-0301-49F9-AD46-821ECA2E3839} = {827E0CD3-B72D-47B6-A68D-7590B98EB39B}
		{472456A5-426F-43E9-85E0-CD711883892D} = {0AB3BF05-4346-4AA6-1389-037BE0695223}
		{FCA4B23A-B690-4904-A9C5-951743293DEB} = {0AB3BF05-4346-4AA6-1389-037BE0695223}
		{F2E8E6BB-336F-4EE3-BC41-3F744531F8A2} = {0AB3BF05-4346-4AA6-1389-037BE0695223}
		{F9574F5D-A394-4206-92E2-D25E6B6BFD2A} = {0AB3BF05-4346-4AA6-1389-037BE0695223}
		{761994CF-EE1E-418D-A7D0-B11BF9D69727} = {0AB3BF05-4346-4AA6-1389-037BE0695223}
		{4153C245-8815-4D8B-BE64-4125E2746D04} = {0AB3BF05-4346-4AA6-1389-037BE0695223}
		{3FA4AC6E-4EEC-4764-9904-C16BAA994EAB} = {0AB3BF05-4346-4AA6-1389-037BE0695223}
		{7795C096-12FE-420B-8FA1-0F1EADCA0FBD} = {0AB3BF05-4346-4AA6-1389-037BE0695223}
		{5E9D6331-B72A-4D1F-A97E-A050E1DB8159} = {0AB3BF05-4346-4AA6-1389-037BE0695223}
		{BCC11830-1657-4ED2-9532-ABAF45BBAB49} = {0AB3BF05-4346-4AA6-1389-037BE0695223}
	EndGlobalSection
EndGlobal
